// !$*UTF8*$!
{
	archiveVersion = 1;
	classes = {
	};
	objectVersion = 46;
	objects = {

/* Begin PBXBuildFile section */
		6DC51D3D1F3AF06200DE7C0C /* AppDelegate.swift in Sources */ = {isa = PBXBuildFile; fileRef = 6DC51D3C1F3AF06200DE7C0C /* AppDelegate.swift */; };
		6DC51D3F1F3AF06200DE7C0C /* ViewController.swift in Sources */ = {isa = PBXBuildFile; fileRef = 6DC51D3E1F3AF06200DE7C0C /* ViewController.swift */; };
		6DC51D421F3AF06200DE7C0C /* Main.storyboard in Resources */ = {isa = PBXBuildFile; fileRef = 6DC51D401F3AF06200DE7C0C /* Main.storyboard */; };
		6DC51D441F3AF06200DE7C0C /* Assets.xcassets in Resources */ = {isa = PBXBuildFile; fileRef = 6DC51D431F3AF06200DE7C0C /* Assets.xcassets */; };
		6DC51D471F3AF06200DE7C0C /* LaunchScreen.storyboard in Resources */ = {isa = PBXBuildFile; fileRef = 6DC51D451F3AF06200DE7C0C /* LaunchScreen.storyboard */; };
/* End PBXBuildFile section */

/* Begin PBXFileReference section */
		6DC51D391F3AF06200DE7C0C /* GettingGithubUsers.app */ = {isa = PBXFileReference; explicitFileType = wrapper.application; includeInIndex = 0; path = GettingGithubUsers.app; sourceTree = BUILT_PRODUCTS_DIR; };
		6DC51D3C1F3AF06200DE7C0C /* AppDelegate.swift */ = {isa = PBXFileReference; lastKnownFileType = sourcecode.swift; path = AppDelegate.swift; sourceTree = "<group>"; };
		6DC51D3E1F3AF06200DE7C0C /* ViewController.swift */ = {isa = PBXFileReference; lastKnownFileType = sourcecode.swift; path = ViewController.swift; sourceTree = "<group>"; };
		6DC51D411F3AF06200DE7C0C /* Base */ = {isa = PBXFileReference; lastKnownFileType = file.storyboard; name = Base; path = Base.lproj/Main.storyboard; sourceTree = "<group>"; };
		6DC51D431F3AF06200DE7C0C /* Assets.xcassets */ = {isa = PBXFileReference; lastKnownFileType = folder.assetcatalog; path = Assets.xcassets; sourceTree = "<group>"; };
		6DC51D461F3AF06200DE7C0C /* Base */ = {isa = PBXFileReference; lastKnownFileType = file.storyboard; name = Base; path = Base.lproj/LaunchScreen.storyboard; sourceTree = "<group>"; };
		6DC51D481F3AF06200DE7C0C /* Info.plist */ = {isa = PBXFileReference; lastKnownFileType = text.plist.xml; path = Info.plist; sourceTree = "<group>"; };
/* End PBXFileReference section */

/* Begin PBXFrameworksBuildPhase section */
		6DC51D361F3AF06200DE7C0C /* Frameworks */ = {
			isa = PBXFrameworksBuildPhase;
			buildActionMask = 2147483647;
			files = (
			);
			runOnlyForDeploymentPostprocessing = 0;
		};
/* End PBXFrameworksBuildPhase section */

/* Begin PBXGroup section */
		6DC51D301F3AF06200DE7C0C = {
			isa = PBXGroup;
			children = (
				6DC51D3B1F3AF06200DE7C0C /* GettingGithubUsers */,
				6DC51D3A1F3AF06200DE7C0C /* Products */,
			);
			sourceTree = "<group>";
		};
		6DC51D3A1F3AF06200DE7C0C /* Products */ = {
			isa = PBXGroup;
			children = (
				6DC51D391F3AF06200DE7C0C /* GettingGithubUsers.app */,
			);
			name = Products;
			sourceTree = "<group>";
		};
		6DC51D3B1F3AF06200DE7C0C /* GettingGithubUsers */ = {
			isa = PBXGroup;
			children = (
				6DC51D3C1F3AF06200DE7C0C /* AppDelegate.swift */,
				6DC51D3E1F3AF06200DE7C0C /* ViewController.swift */,
				6DC51D401F3AF06200DE7C0C /* Main.storyboard */,
				6DC51D431F3AF06200DE7C0C /* Assets.xcassets */,
				6DC51D451F3AF06200DE7C0C /* LaunchScreen.storyboard */,
				6DC51D481F3AF06200DE7C0C /* Info.plist */,
			);
			path = GettingGithubUsers;
			sourceTree = "<group>";
		};
/* End PBXGroup section */

/* Begin PBXNativeTarget section */
		6DC51D381F3AF06200DE7C0C /* GettingGithubUsers */ = {
			isa = PBXNativeTarget;
			buildConfigurationList = 6DC51D4B1F3AF06200DE7C0C /* Build configuration list for PBXNativeTarget "GettingGithubUsers" */;
			buildPhases = (
				6DC51D351F3AF06200DE7C0C /* Sources */,
				6DC51D361F3AF06200DE7C0C /* Frameworks */,
				6DC51D371F3AF06200DE7C0C /* Resources */,
			);
			buildRules = (
			);
			dependencies = (
			);
			name = GettingGithubUsers;
			productName = GettingGithubUsers;
			productReference = 6DC51D391F3AF06200DE7C0C /* GettingGithubUsers.app */;
			productType = "com.apple.product-type.application";
		};
/* End PBXNativeTarget section */

/* Begin PBXProject section */
		6DC51D311F3AF06200DE7C0C /* Project object */ = {
			isa = PBXProject;
			attributes = {
				LastSwiftUpdateCheck = 0830;
				LastUpgradeCheck = 0830;
				ORGANIZATIONNAME = "Julia Potapenko";
				TargetAttributes = {
					6DC51D381F3AF06200DE7C0C = {
						CreatedOnToolsVersion = 8.3.3;
						DevelopmentTeam = YJP3L9Z2T7;
						ProvisioningStyle = Automatic;
					};
				};
			};
			buildConfigurationList = 6DC51D341F3AF06200DE7C0C /* Build configuration list for PBXProject "GettingGithubUsers" */;
			compatibilityVersion = "Xcode 3.2";
			developmentRegion = English;
			hasScannedForEncodings = 0;
			knownRegions = (
				en,
				Base,
			);
			mainGroup = 6DC51D301F3AF06200DE7C0C;
			productRefGroup = 6DC51D3A1F3AF06200DE7C0C /* Products */;
			projectDirPath = "";
			projectRoot = "";
			targets = (
				6DC51D381F3AF06200DE7C0C /* GettingGithubUsers */,
			);
		};
/* End PBXProject section */

/* Begin PBXResourcesBuildPhase section */
		6DC51D371F3AF06200DE7C0C /* Resources */ = {
			isa = PBXResourcesBuildPhase;
			buildActionMask = 2147483647;
			files = (
				6DC51D471F3AF06200DE7C0C /* LaunchScreen.storyboard in Resources */,
				6DC51D441F3AF06200DE7C0C /* Assets.xcassets in Resources */,
				6DC51D421F3AF06200DE7C0C /* Main.storyboard in Resources */,
			);
			runOnlyForDeploymentPostprocessing = 0;
		};
/* End PBXResourcesBuildPhase section */

/* Begin PBXSourcesBuildPhase section */
		6DC51D351F3AF06200DE7C0C /* Sources */ = {
			isa = PBXSourcesBuildPhase;
			buildActionMask = 2147483647;
			files = (
				6DC51D3F1F3AF06200DE7C0C /* ViewController.swift in Sources */,
				6DC51D3D1F3AF06200DE7C0C /* AppDelegate.swift in Sources */,
			);
			runOnlyForDeploymentPostprocessing = 0;
		};
/* End PBXSourcesBuildPhase section */

/* Begin PBXVariantGroup section */
		6DC51D401F3AF06200DE7C0C /* Main.storyboard */ = {
			isa = PBXVariantGroup;
			children = (
				6DC51D411F3AF06200DE7C0C /* Base */,
			);
			name = Main.storyboard;
			sourceTree = "<group>";
		};
		6DC51D451F3AF06200DE7C0C /* LaunchScreen.storyboard */ = {
			isa = PBXVariantGroup;
			children = (
				6DC51D461F3AF06200DE7C0C /* Base */,
			);
			name = LaunchScreen.storyboard;
			sourceTree = "<group>";
		};
/* End PBXVariantGroup section */

/* Begin XCBuildConfiguration section */
		6DC51D491F3AF06200DE7C0C /* Debug */ = {
			isa = XCBuildConfiguration;
			buildSettings = {
				ALWAYS_SEARCH_USER_PATHS = NO;
				CLANG_ANALYZER_NONNULL = YES;
				CLANG_ANALYZER_NUMBER_OBJECT_CONVERSION = YES_AGGRESSIVE;
				CLANG_CXX_LANGUAGE_STANDARD = "gnu++0x";
				CLANG_CXX_LIBRARY = "libc++";
				CLANG_ENABLE_MODULES = YES;
				CLANG_ENABLE_OBJC_ARC = YES;
				CLANG_WARN_BOOL_CONVERSION = YES;
				CLANG_WARN_CONSTANT_CONVERSION = YES;
				CLANG_WARN_DIRECT_OBJC_ISA_USAGE = YES_ERROR;
				CLANG_WARN_DOCUMENTATION_COMMENTS = YES;
				CLANG_WARN_EMPTY_BODY = YES;
				CLANG_WARN_ENUM_CONVERSION = YES;
				CLANG_WARN_INFINITE_RECURSION = YES;
				CLANG_WARN_INT_CONVERSION = YES;
				CLANG_WARN_OBJC_ROOT_CLASS = YES_ERROR;
				CLANG_WARN_SUSPICIOUS_MOVE = YES;
				CLANG_WARN_UNREACHABLE_CODE = YES;
				CLANG_WARN__DUPLICATE_METHOD_MATCH = YES;
				"CODE_SIGN_IDENTITY[sdk=iphoneos*]" = "iPhone Developer";
				COPY_PHASE_STRIP = NO;
				DEBUG_INFORMATION_FORMAT = dwarf;
				ENABLE_STRICT_OBJC_MSGSEND = YES;
				ENABLE_TESTABILITY = YES;
				GCC_C_LANGUAGE_STANDARD = gnu99;
				GCC_DYNAMIC_NO_PIC = NO;
				GCC_NO_COMMON_BLOCKS = YES;
				GCC_OPTIMIZATION_LEVEL = 0;
				GCC_PREPROCESSOR_DEFINITIONS = (
					"DEBUG=1",
					"$(inherited)",
				);
				GCC_WARN_64_TO_32_BIT_CONVERSION = YES;
				GCC_WARN_ABOUT_RETURN_TYPE = YES_ERROR;
				GCC_WARN_UNDECLARED_SELECTOR = YES;
				GCC_WARN_UNINITIALIZED_AUTOS = YES_AGGRESSIVE;
				GCC_WARN_UNUSED_FUNCTION = YES;
				GCC_WARN_UNUSED_VARIABLE = YES;
				IPHONEOS_DEPLOYMENT_TARGET = 10.3;
				MTL_ENABLE_DEBUG_INFO = YES;
				ONLY_ACTIVE_ARCH = YES;
				SDKROOT = iphoneos;
				SWIFT_ACTIVE_COMPILATION_CONDITIONS = DEBUG;
				SWIFT_OPTIMIZATION_LEVEL = "-Onone";
				TARGETED_DEVICE_FAMILY = "1,2";
			};
			name = Debug;
		};
		6DC51D4A1F3AF06200DE7C0C /* Release */ = {
			isa = XCBuildConfiguration;
			buildSettings = {
				ALWAYS_SEARCH_USER_PATHS = NO;
				CLANG_ANALYZER_NONNULL = YES;
				CLANG_ANALYZER_NUMBER_OBJECT_CONVERSION = YES_AGGRESSIVE;
				CLANG_CXX_LANGUAGE_STANDARD = "gnu++0x";
				CLANG_CXX_LIBRARY = "libc++";
				CLANG_ENABLE_MODULES = YES;
				CLANG_ENABLE_OBJC_ARC = YES;
				CLANG_WARN_BOOL_CONVERSION = YES;
				CLANG_WARN_CONSTANT_CONVERSION = YES;
				CLANG_WARN_DIRECT_OBJC_ISA_USAGE = YES_ERROR;
				CLANG_WARN_DOCUMENTATION_COMMENTS = YES;
				CLANG_WARN_EMPTY_BODY = YES;
				CLANG_WARN_ENUM_CONVERSION = YES;
				CLANG_WARN_INFINITE_RECURSION = YES;
				CLANG_WARN_INT_CONVERSION = YES;
				CLANG_WARN_OBJC_ROOT_CLASS = YES_ERROR;
				CLANG_WARN_SUSPICIOUS_MOVE = YES;
				CLANG_WARN_UNREACHABLE_CODE = YES;
				CLANG_WARN__DUPLICATE_METHOD_MATCH = YES;
				"CODE_SIGN_IDENTITY[sdk=iphoneos*]" = "iPhone Developer";
				COPY_PHASE_STRIP = NO;
				DEBUG_INFORMATION_FORMAT = "dwarf-with-dsym";
				ENABLE_NS_ASSERTIONS = NO;
				ENABLE_STRICT_OBJC_MSGSEND = YES;
				GCC_C_LANGUAGE_STANDARD = gnu99;
				GCC_NO_COMMON_BLOCKS = YES;
				GCC_WARN_64_TO_32_BIT_CONVERSION = YES;
				GCC_WARN_ABOUT_RETURN_TYPE = YES_ERROR;
				GCC_WARN_UNDECLARED_SELECTOR = YES;
				GCC_WARN_UNINITIALIZED_AUTOS = YES_AGGRESSIVE;
				GCC_WARN_UNUSED_FUNCTION = YES;
				GCC_WARN_UNUSED_VARIABLE = YES;
				IPHONEOS_DEPLOYMENT_TARGET = 10.3;
				MTL_ENABLE_DEBUG_INFO = NO;
				SDKROOT = iphoneos;
				SWIFT_OPTIMIZATION_LEVEL = "-Owholemodule";
				TARGETED_DEVICE_FAMILY = "1,2";
				VALIDATE_PRODUCT = YES;
			};
			name = Release;
		};
		6DC51D4C1F3AF06200DE7C0C /* Debug */ = {
			isa = XCBuildConfiguration;
			buildSettings = {
				ASSETCATALOG_COMPILER_APPICON_NAME = AppIcon;
				DEVELOPMENT_TEAM = YJP3L9Z2T7;
				INFOPLIST_FILE = GettingGithubUsers/Info.plist;
				LD_RUNPATH_SEARCH_PATHS = "$(inherited) @executable_path/Frameworks";
				PRODUCT_BUNDLE_IDENTIFIER = julep.GettingGithubUsers;
				PRODUCT_NAME = "$(TARGET_NAME)";
				SWIFT_VERSION = 3.0;
			};
			name = Debug;
		};
		6DC51D4D1F3AF06200DE7C0C /* Release */ = {
			isa = XCBuildConfiguration;
			buildSettings = {
				ASSETCATALOG_COMPILER_APPICON_NAME = AppIcon;
				DEVELOPMENT_TEAM = YJP3L9Z2T7;
				INFOPLIST_FILE = GettingGithubUsers/Info.plist;
				LD_RUNPATH_SEARCH_PATHS = "$(inherited) @executable_path/Frameworks";
				PRODUCT_BUNDLE_IDENTIFIER = julep.GettingGithubUsers;
				PRODUCT_NAME = "$(TARGET_NAME)";
				SWIFT_VERSION = 3.0;
			};
			name = Release;
		};
/* End XCBuildConfiguration section */

/* Begin XCConfigurationList section */
		6DC51D341F3AF06200DE7C0C /* Build configuration list for PBXProject "GettingGithubUsers" */ = {
			isa = XCConfigurationList;
			buildConfigurations = (
				6DC51D491F3AF06200DE7C0C /* Debug */,
				6DC51D4A1F3AF06200DE7C0C /* Release */,
			);
			defaultConfigurationIsVisible = 0;
			defaultConfigurationName = Release;
		};
		6DC51D4B1F3AF06200DE7C0C /* Build configuration list for PBXNativeTarget "GettingGithubUsers" */ = {
			isa = XCConfigurationList;
			buildConfigurations = (
				6DC51D4C1F3AF06200DE7C0C /* Debug */,
				6DC51D4D1F3AF06200DE7C0C /* Release */,
			);
			defaultConfigurationIsVisible = 0;
		};
/* End XCConfigurationList section */
	};
	rootObject = 6DC51D311F3AF06200DE7C0C /* Project object */;
}
